
Microsoft Visual Studio Solution File, Format Version 12.00
# Visual Studio Version 17
VisualStudioVersion = 17.6.33829.357
MinimumVisualStudioVersion = 10.0.40219.1
Project("{FAE04EC0-301F-11D3-BF4B-00C04F79EFBC}") = "EjerciciosPracticos#3_DLL", "EjerciciosPracticos#3_DLL\EjerciciosPracticos#3_DLL.csproj", "{0A829BE4-4D50-4E7B-B320-C8DADEB94169}"
EndProject
Global
	GlobalSection(SolutionConfigurationPlatforms) = preSolution
		Debug|Any CPU = Debug|Any CPU
		Release|Any CPU = Release|Any CPU
	EndGlobalSection
	GlobalSection(ProjectConfigurationPlatforms) = postSolution
		{0A829BE4-4D50-4E7B-B320-C8DADEB94169}.Debug|Any CPU.ActiveCfg = Debug|Any CPU
		{0A829BE4-4D50-4E7B-B320-C8DADEB94169}.Debug|Any CPU.Build.0 = Debug|Any CPU
		{0A829BE4-4D50-4E7B-B320-C8DADEB94169}.Release|Any CPU.ActiveCfg = Release|Any CPU
		{0A829BE4-4D50-4E7B-B320-C8DADEB94169}.Release|Any CPU.Build.0 = Release|Any CPU
	EndGlobalSection
	GlobalSection(SolutionProperties) = preSolution
		HideSolutionNode = FALSE
	EndGlobalSection
	GlobalSection(ExtensibilityGlobals) = postSolution
		SolutionGuid = {A9BCAA85-1F9A-408D-B08A-D0FC8DF47590}
	EndGlobalSection
EndGlobal
